// !$*UTF8*$!
{
	archiveVersion = 1;
	classes = {
	};
	objectVersion = 46;
	objects = {

/* Begin PBXBuildFile section */
		2C120FF71A52F51800364C4C /* CurioNotification.m in Sources */ = {isa = PBXBuildFile; fileRef = 2C120FF61A52F51800364C4C /* CurioNotification.m */; };
		2C64889319CA0C720013DDB4 /* Foundation.framework in Frameworks */ = {isa = PBXBuildFile; fileRef = 2C64889219CA0C720013DDB4 /* Foundation.framework */; };
		2C64889819CA0C720013DDB4 /* CurioSDK.h in CopyFiles */ = {isa = PBXBuildFile; fileRef = 2C64889719CA0C720013DDB4 /* CurioSDK.h */; };
		2C64889A19CA0C720013DDB4 /* CurioSDK.m in Sources */ = {isa = PBXBuildFile; fileRef = 2C64889919CA0C720013DDB4 /* CurioSDK.m */; };
		2C6488A119CA0C720013DDB4 /* XCTest.framework in Frameworks */ = {isa = PBXBuildFile; fileRef = 2C6488A019CA0C720013DDB4 /* XCTest.framework */; };
		2C6488A219CA0C720013DDB4 /* Foundation.framework in Frameworks */ = {isa = PBXBuildFile; fileRef = 2C64889219CA0C720013DDB4 /* Foundation.framework */; };
		2C6488A419CA0C720013DDB4 /* UIKit.framework in Frameworks */ = {isa = PBXBuildFile; fileRef = 2C6488A319CA0C720013DDB4 /* UIKit.framework */; };
		2C6488A719CA0C720013DDB4 /* libCurioSDK.a in Frameworks */ = {isa = PBXBuildFile; fileRef = 2C64888F19CA0C720013DDB4 /* libCurioSDK.a */; };
		2C6488AD19CA0C720013DDB4 /* InfoPlist.strings in Resources */ = {isa = PBXBuildFile; fileRef = 2C6488AB19CA0C720013DDB4 /* InfoPlist.strings */; };
		2C6488AF19CA0C720013DDB4 /* CurioSDKTests.m in Sources */ = {isa = PBXBuildFile; fileRef = 2C6488AE19CA0C720013DDB4 /* CurioSDKTests.m */; };
		2C6488B919CAEE4D0013DDB4 /* libsqlite3.dylib in Frameworks */ = {isa = PBXBuildFile; fileRef = 2C6488B819CAEE4D0013DDB4 /* libsqlite3.dylib */; };
		2C6488BC19CAF1670013DDB4 /* CurioSettings.m in Sources */ = {isa = PBXBuildFile; fileRef = 2C6488BB19CAF1670013DDB4 /* CurioSettings.m */; };
		2C6488BE19CAFB5C0013DDB4 /* CurioSettingsTests.m in Sources */ = {isa = PBXBuildFile; fileRef = 2C6488BD19CAFB5C0013DDB4 /* CurioSettingsTests.m */; };
		2C655BA919CC47F900CBC7CC /* ReachabilityEx.m in Sources */ = {isa = PBXBuildFile; fileRef = 2C655BA819CC47F900CBC7CC /* ReachabilityEx.m */; };
		2C655BAC19CC485500CBC7CC /* CurioNetwork.m in Sources */ = {isa = PBXBuildFile; fileRef = 2C655BAB19CC485500CBC7CC /* CurioNetwork.m */; };
		2C655BAE19CC49AB00CBC7CC /* CoreTelephony.framework in Frameworks */ = {isa = PBXBuildFile; fileRef = 2C655BAD19CC49AB00CBC7CC /* CoreTelephony.framework */; };
		2C655BAF19CC878B00CBC7CC /* CoreTelephony.framework in Frameworks */ = {isa = PBXBuildFile; fileRef = 2C655BAD19CC49AB00CBC7CC /* CoreTelephony.framework */; };
		2C655BB119CC95B800CBC7CC /* UIKit.framework in Frameworks */ = {isa = PBXBuildFile; fileRef = 2C655BB019CC95B800CBC7CC /* UIKit.framework */; };
		2C655BB219CC95C300CBC7CC /* UIKit.framework in Frameworks */ = {isa = PBXBuildFile; fileRef = 2C655BB019CC95B800CBC7CC /* UIKit.framework */; };
		2C655BB519CCA55F00CBC7CC /* CurioPostOffice.m in Sources */ = {isa = PBXBuildFile; fileRef = 2C655BB419CCA55F00CBC7CC /* CurioPostOffice.m */; };
		2C655BB819CCBA2F00CBC7CC /* CurioActionToolkit.m in Sources */ = {isa = PBXBuildFile; fileRef = 2C655BB719CCBA2F00CBC7CC /* CurioActionToolkit.m */; };
		2CA46D3019CB0CBD0001D511 /* CurioSDKTests-Info.plist in Resources */ = {isa = PBXBuildFile; fileRef = 2CA46D2F19CB0CBD0001D511 /* CurioSDKTests-Info.plist */; };
		2CA46D3319CB12640001D511 /* CurioDB.m in Sources */ = {isa = PBXBuildFile; fileRef = 2CA46D3219CB12640001D511 /* CurioDB.m */; };
		2CA5254E1A1AA24B00BB61CF /* CurioNotificationManager.m in Sources */ = {isa = PBXBuildFile; fileRef = 2CA5254D1A1AA24B00BB61CF /* CurioNotificationManager.m */; };
		2CA5254F1A1AA24B00BB61CF /* CurioNotificationManager.m in Sources */ = {isa = PBXBuildFile; fileRef = 2CA5254D1A1AA24B00BB61CF /* CurioNotificationManager.m */; };
		2CE12DAA19CB42A300CDBA41 /* CurioUtil.m in Sources */ = {isa = PBXBuildFile; fileRef = 2CE12DA919CB42A300CDBA41 /* CurioUtil.m */; };
		2CE12DAD19CB5D6600CDBA41 /* CurioAction.m in Sources */ = {isa = PBXBuildFile; fileRef = 2CE12DAC19CB5D6600CDBA41 /* CurioAction.m */; };
		2CE12DB019CB68A600CDBA41 /* CurioDBToolkit.m in Sources */ = {isa = PBXBuildFile; fileRef = 2CE12DAF19CB68A600CDBA41 /* CurioDBToolkit.m */; };
		2CE12DB219CB6E8500CDBA41 /* CurioDBTests.m in Sources */ = {isa = PBXBuildFile; fileRef = 2CE12DB119CB6E8500CDBA41 /* CurioDBTests.m */; };
		2CE12DB319CB72D500CDBA41 /* libsqlite3.dylib in Frameworks */ = {isa = PBXBuildFile; fileRef = 2C6488B819CAEE4D0013DDB4 /* libsqlite3.dylib */; };
/* End PBXBuildFile section */

/* Begin PBXContainerItemProxy section */
		2C6488A519CA0C720013DDB4 /* PBXContainerItemProxy */ = {
			isa = PBXContainerItemProxy;
			containerPortal = 2C64888719CA0C720013DDB4 /* Project object */;
			proxyType = 1;
			remoteGlobalIDString = 2C64888E19CA0C720013DDB4;
			remoteInfo = CurioSDK;
		};
/* End PBXContainerItemProxy section */

/* Begin PBXCopyFilesBuildPhase section */
		2C64888D19CA0C720013DDB4 /* CopyFiles */ = {
			isa = PBXCopyFilesBuildPhase;
			buildActionMask = 2147483647;
			dstPath = "include/$(PRODUCT_NAME)";
			dstSubfolderSpec = 16;
			files = (
				2C64889819CA0C720013DDB4 /* CurioSDK.h in CopyFiles */,
			);
			runOnlyForDeploymentPostprocessing = 0;
		};
/* End PBXCopyFilesBuildPhase section */

/* Begin PBXFileReference section */
		2C120FF51A52F51800364C4C /* CurioNotification.h */ = {isa = PBXFileReference; fileEncoding = 4; lastKnownFileType = sourcecode.c.h; path = CurioNotification.h; sourceTree = "<group>"; };
		2C120FF61A52F51800364C4C /* CurioNotification.m */ = {isa = PBXFileReference; fileEncoding = 4; lastKnownFileType = sourcecode.c.objc; path = CurioNotification.m; sourceTree = "<group>"; };
		2C64888F19CA0C720013DDB4 /* libCurioSDK.a */ = {isa = PBXFileReference; explicitFileType = archive.ar; includeInIndex = 0; path = libCurioSDK.a; sourceTree = BUILT_PRODUCTS_DIR; };
		2C64889219CA0C720013DDB4 /* Foundation.framework */ = {isa = PBXFileReference; lastKnownFileType = wrapper.framework; name = Foundation.framework; path = System/Library/Frameworks/Foundation.framework; sourceTree = SDKROOT; };
		2C64889619CA0C720013DDB4 /* CurioSDK-Prefix.pch */ = {isa = PBXFileReference; lastKnownFileType = sourcecode.c.h; path = "CurioSDK-Prefix.pch"; sourceTree = "<group>"; };
		2C64889719CA0C720013DDB4 /* CurioSDK.h */ = {isa = PBXFileReference; lastKnownFileType = sourcecode.c.h; path = CurioSDK.h; sourceTree = "<group>"; };
		2C64889919CA0C720013DDB4 /* CurioSDK.m */ = {isa = PBXFileReference; lastKnownFileType = sourcecode.c.objc; path = CurioSDK.m; sourceTree = "<group>"; };
		2C64889F19CA0C720013DDB4 /* CurioSDKTests.xctest */ = {isa = PBXFileReference; explicitFileType = wrapper.cfbundle; includeInIndex = 0; path = CurioSDKTests.xctest; sourceTree = BUILT_PRODUCTS_DIR; };
		2C6488A019CA0C720013DDB4 /* XCTest.framework */ = {isa = PBXFileReference; lastKnownFileType = wrapper.framework; name = XCTest.framework; path = Library/Frameworks/XCTest.framework; sourceTree = DEVELOPER_DIR; };
		2C6488A319CA0C720013DDB4 /* UIKit.framework */ = {isa = PBXFileReference; lastKnownFileType = wrapper.framework; name = UIKit.framework; path = Library/Frameworks/UIKit.framework; sourceTree = DEVELOPER_DIR; };
		2C6488AC19CA0C720013DDB4 /* en */ = {isa = PBXFileReference; lastKnownFileType = text.plist.strings; name = en; path = en.lproj/InfoPlist.strings; sourceTree = "<group>"; };
		2C6488AE19CA0C720013DDB4 /* CurioSDKTests.m */ = {isa = PBXFileReference; lastKnownFileType = sourcecode.c.objc; path = CurioSDKTests.m; sourceTree = "<group>"; };
		2C6488B819CAEE4D0013DDB4 /* libsqlite3.dylib */ = {isa = PBXFileReference; lastKnownFileType = "compiled.mach-o.dylib"; name = libsqlite3.dylib; path = usr/lib/libsqlite3.dylib; sourceTree = SDKROOT; };
		2C6488BA19CAF1670013DDB4 /* CurioSettings.h */ = {isa = PBXFileReference; fileEncoding = 4; lastKnownFileType = sourcecode.c.h; path = CurioSettings.h; sourceTree = "<group>"; };
		2C6488BB19CAF1670013DDB4 /* CurioSettings.m */ = {isa = PBXFileReference; fileEncoding = 4; lastKnownFileType = sourcecode.c.objc; path = CurioSettings.m; sourceTree = "<group>"; };
		2C6488BD19CAFB5C0013DDB4 /* CurioSettingsTests.m */ = {isa = PBXFileReference; fileEncoding = 4; lastKnownFileType = sourcecode.c.objc; path = CurioSettingsTests.m; sourceTree = "<group>"; };
		2C655BA719CC47F900CBC7CC /* ReachabilityEx.h */ = {isa = PBXFileReference; fileEncoding = 4; lastKnownFileType = sourcecode.c.h; path = ReachabilityEx.h; sourceTree = "<group>"; };
		2C655BA819CC47F900CBC7CC /* ReachabilityEx.m */ = {isa = PBXFileReference; fileEncoding = 4; lastKnownFileType = sourcecode.c.objc; path = ReachabilityEx.m; sourceTree = "<group>"; };
		2C655BAA19CC485500CBC7CC /* CurioNetwork.h */ = {isa = PBXFileReference; fileEncoding = 4; lastKnownFileType = sourcecode.c.h; path = CurioNetwork.h; sourceTree = "<group>"; };
		2C655BAB19CC485500CBC7CC /* CurioNetwork.m */ = {isa = PBXFileReference; fileEncoding = 4; lastKnownFileType = sourcecode.c.objc; path = CurioNetwork.m; sourceTree = "<group>"; };
		2C655BAD19CC49AB00CBC7CC /* CoreTelephony.framework */ = {isa = PBXFileReference; lastKnownFileType = wrapper.framework; name = CoreTelephony.framework; path = System/Library/Frameworks/CoreTelephony.framework; sourceTree = SDKROOT; };
		2C655BB019CC95B800CBC7CC /* UIKit.framework */ = {isa = PBXFileReference; lastKnownFileType = wrapper.framework; name = UIKit.framework; path = System/Library/Frameworks/UIKit.framework; sourceTree = SDKROOT; };
		2C655BB319CCA55F00CBC7CC /* CurioPostOffice.h */ = {isa = PBXFileReference; fileEncoding = 4; lastKnownFileType = sourcecode.c.h; path = CurioPostOffice.h; sourceTree = "<group>"; };
		2C655BB419CCA55F00CBC7CC /* CurioPostOffice.m */ = {isa = PBXFileReference; fileEncoding = 4; lastKnownFileType = sourcecode.c.objc; path = CurioPostOffice.m; sourceTree = "<group>"; };
		2C655BB619CCBA2F00CBC7CC /* CurioActionToolkit.h */ = {isa = PBXFileReference; fileEncoding = 4; lastKnownFileType = sourcecode.c.h; path = CurioActionToolkit.h; sourceTree = "<group>"; };
		2C655BB719CCBA2F00CBC7CC /* CurioActionToolkit.m */ = {isa = PBXFileReference; fileEncoding = 4; lastKnownFileType = sourcecode.c.objc; path = CurioActionToolkit.m; sourceTree = "<group>"; };
		2CA46D2F19CB0CBD0001D511 /* CurioSDKTests-Info.plist */ = {isa = PBXFileReference; fileEncoding = 4; lastKnownFileType = text.plist.xml; path = "CurioSDKTests-Info.plist"; sourceTree = "<group>"; };
		2CA46D3119CB12640001D511 /* CurioDB.h */ = {isa = PBXFileReference; fileEncoding = 4; lastKnownFileType = sourcecode.c.h; path = CurioDB.h; sourceTree = "<group>"; };
		2CA46D3219CB12640001D511 /* CurioDB.m */ = {isa = PBXFileReference; fileEncoding = 4; lastKnownFileType = sourcecode.c.objc; path = CurioDB.m; sourceTree = "<group>"; };
		2CA5254C1A1AA24B00BB61CF /* CurioNotificationManager.h */ = {isa = PBXFileReference; fileEncoding = 4; lastKnownFileType = sourcecode.c.h; path = CurioNotificationManager.h; sourceTree = "<group>"; };
		2CA5254D1A1AA24B00BB61CF /* CurioNotificationManager.m */ = {isa = PBXFileReference; fileEncoding = 4; lastKnownFileType = sourcecode.c.objc; path = CurioNotificationManager.m; sourceTree = "<group>"; };
		2CE12DA819CB42A300CDBA41 /* CurioUtil.h */ = {isa = PBXFileReference; fileEncoding = 4; lastKnownFileType = sourcecode.c.h; path = CurioUtil.h; sourceTree = "<group>"; };
		2CE12DA919CB42A300CDBA41 /* CurioUtil.m */ = {isa = PBXFileReference; fileEncoding = 4; lastKnownFileType = sourcecode.c.objc; path = CurioUtil.m; sourceTree = "<group>"; };
		2CE12DAB19CB5D6600CDBA41 /* CurioAction.h */ = {isa = PBXFileReference; fileEncoding = 4; lastKnownFileType = sourcecode.c.h; path = CurioAction.h; sourceTree = "<group>"; };
		2CE12DAC19CB5D6600CDBA41 /* CurioAction.m */ = {isa = PBXFileReference; fileEncoding = 4; lastKnownFileType = sourcecode.c.objc; path = CurioAction.m; sourceTree = "<group>"; };
		2CE12DAE19CB68A600CDBA41 /* CurioDBToolkit.h */ = {isa = PBXFileReference; fileEncoding = 4; lastKnownFileType = sourcecode.c.h; path = CurioDBToolkit.h; sourceTree = "<group>"; };
		2CE12DAF19CB68A600CDBA41 /* CurioDBToolkit.m */ = {isa = PBXFileReference; fileEncoding = 4; lastKnownFileType = sourcecode.c.objc; path = CurioDBToolkit.m; sourceTree = "<group>"; };
		2CE12DB119CB6E8500CDBA41 /* CurioDBTests.m */ = {isa = PBXFileReference; fileEncoding = 4; lastKnownFileType = sourcecode.c.objc; path = CurioDBTests.m; sourceTree = "<group>"; };
/* End PBXFileReference section */

/* Begin PBXFrameworksBuildPhase section */
		2C64888C19CA0C720013DDB4 /* Frameworks */ = {
			isa = PBXFrameworksBuildPhase;
			buildActionMask = 2147483647;
			files = (
				2C655BB219CC95C300CBC7CC /* UIKit.framework in Frameworks */,
				2C655BAE19CC49AB00CBC7CC /* CoreTelephony.framework in Frameworks */,
				2C6488B919CAEE4D0013DDB4 /* libsqlite3.dylib in Frameworks */,
				2C64889319CA0C720013DDB4 /* Foundation.framework in Frameworks */,
			);
			runOnlyForDeploymentPostprocessing = 0;
		};
		2C64889C19CA0C720013DDB4 /* Frameworks */ = {
			isa = PBXFrameworksBuildPhase;
			buildActionMask = 2147483647;
			files = (
				2C655BB119CC95B800CBC7CC /* UIKit.framework in Frameworks */,
				2C655BAF19CC878B00CBC7CC /* CoreTelephony.framework in Frameworks */,
				2CE12DB319CB72D500CDBA41 /* libsqlite3.dylib in Frameworks */,
				2C6488A119CA0C720013DDB4 /* XCTest.framework in Frameworks */,
				2C6488A419CA0C720013DDB4 /* UIKit.framework in Frameworks */,
				2C6488A219CA0C720013DDB4 /* Foundation.framework in Frameworks */,
				2C6488A719CA0C720013DDB4 /* libCurioSDK.a in Frameworks */,
			);
			runOnlyForDeploymentPostprocessing = 0;
		};
/* End PBXFrameworksBuildPhase section */

/* Begin PBXGroup section */
		2C64888619CA0C720013DDB4 = {
			isa = PBXGroup;
			children = (
				2C64889419CA0C720013DDB4 /* CurioSDK */,
				2C6488A819CA0C720013DDB4 /* CurioSDKTests */,
				2C64889119CA0C720013DDB4 /* Frameworks */,
				2C64889019CA0C720013DDB4 /* Products */,
			);
			sourceTree = "<group>";
		};
		2C64889019CA0C720013DDB4 /* Products */ = {
			isa = PBXGroup;
			children = (
				2C64888F19CA0C720013DDB4 /* libCurioSDK.a */,
				2C64889F19CA0C720013DDB4 /* CurioSDKTests.xctest */,
			);
			name = Products;
			sourceTree = "<group>";
		};
		2C64889119CA0C720013DDB4 /* Frameworks */ = {
			isa = PBXGroup;
			children = (
				2C655BB019CC95B800CBC7CC /* UIKit.framework */,
				2C655BAD19CC49AB00CBC7CC /* CoreTelephony.framework */,
				2C6488B819CAEE4D0013DDB4 /* libsqlite3.dylib */,
				2C64889219CA0C720013DDB4 /* Foundation.framework */,
				2C6488A019CA0C720013DDB4 /* XCTest.framework */,
				2C6488A319CA0C720013DDB4 /* UIKit.framework */,
			);
			name = Frameworks;
			sourceTree = "<group>";
		};
		2C64889419CA0C720013DDB4 /* CurioSDK */ = {
			isa = PBXGroup;
			children = (
				2C655BA619CC47B900CBC7CC /* 3rdParty */,
				2C64889719CA0C720013DDB4 /* CurioSDK.h */,
				2C64889919CA0C720013DDB4 /* CurioSDK.m */,
				2C120FF51A52F51800364C4C /* CurioNotification.h */,
				2C120FF61A52F51800364C4C /* CurioNotification.m */,
				2C6488BA19CAF1670013DDB4 /* CurioSettings.h */,
				2C6488BB19CAF1670013DDB4 /* CurioSettings.m */,
				2CE12DAB19CB5D6600CDBA41 /* CurioAction.h */,
				2CE12DAC19CB5D6600CDBA41 /* CurioAction.m */,
				2C655BB619CCBA2F00CBC7CC /* CurioActionToolkit.h */,
				2C655BB719CCBA2F00CBC7CC /* CurioActionToolkit.m */,
				2CA46D3119CB12640001D511 /* CurioDB.h */,
				2CA46D3219CB12640001D511 /* CurioDB.m */,
				2CE12DAE19CB68A600CDBA41 /* CurioDBToolkit.h */,
				2CE12DAF19CB68A600CDBA41 /* CurioDBToolkit.m */,
				2CE12DA819CB42A300CDBA41 /* CurioUtil.h */,
				2CE12DA919CB42A300CDBA41 /* CurioUtil.m */,
				2C655BAA19CC485500CBC7CC /* CurioNetwork.h */,
				2C655BAB19CC485500CBC7CC /* CurioNetwork.m */,
				2C655BB319CCA55F00CBC7CC /* CurioPostOffice.h */,
				2C655BB419CCA55F00CBC7CC /* CurioPostOffice.m */,
				2CA5254C1A1AA24B00BB61CF /* CurioNotificationManager.h */,
				2CA5254D1A1AA24B00BB61CF /* CurioNotificationManager.m */,
				2C64889519CA0C720013DDB4 /* Supporting Files */,
			);
			path = CurioSDK;
			sourceTree = "<group>";
		};
		2C64889519CA0C720013DDB4 /* Supporting Files */ = {
			isa = PBXGroup;
			children = (
				2C64889619CA0C720013DDB4 /* CurioSDK-Prefix.pch */,
			);
			name = "Supporting Files";
			sourceTree = "<group>";
		};
		2C6488A819CA0C720013DDB4 /* CurioSDKTests */ = {
			isa = PBXGroup;
			children = (
				2C6488AE19CA0C720013DDB4 /* CurioSDKTests.m */,
				2C6488BD19CAFB5C0013DDB4 /* CurioSettingsTests.m */,
				2CE12DB119CB6E8500CDBA41 /* CurioDBTests.m */,
				2C6488A919CA0C720013DDB4 /* Supporting Files */,
			);
			path = CurioSDKTests;
			sourceTree = "<group>";
		};
		2C6488A919CA0C720013DDB4 /* Supporting Files */ = {
			isa = PBXGroup;
			children = (
				2CA46D2F19CB0CBD0001D511 /* CurioSDKTests-Info.plist */,
				2C6488AB19CA0C720013DDB4 /* InfoPlist.strings */,
			);
			name = "Supporting Files";
			sourceTree = "<group>";
		};
		2C655BA619CC47B900CBC7CC /* 3rdParty */ = {
			isa = PBXGroup;
			children = (
				2C655BA719CC47F900CBC7CC /* ReachabilityEx.h */,
				2C655BA819CC47F900CBC7CC /* ReachabilityEx.m */,
			);
			name = 3rdParty;
			sourceTree = "<group>";
		};
/* End PBXGroup section */

/* Begin PBXNativeTarget section */
		2C64888E19CA0C720013DDB4 /* CurioSDK */ = {
			isa = PBXNativeTarget;
			buildConfigurationList = 2C6488B219CA0C720013DDB4 /* Build configuration list for PBXNativeTarget "CurioSDK" */;
			buildPhases = (
				2C64888B19CA0C720013DDB4 /* Sources */,
				2C64888C19CA0C720013DDB4 /* Frameworks */,
				2C64888D19CA0C720013DDB4 /* CopyFiles */,
			);
			buildRules = (
			);
			dependencies = (
			);
			name = CurioSDK;
			productName = CurioSDK;
			productReference = 2C64888F19CA0C720013DDB4 /* libCurioSDK.a */;
			productType = "com.apple.product-type.library.static";
		};
		2C64889E19CA0C720013DDB4 /* CurioSDKTests */ = {
			isa = PBXNativeTarget;
			buildConfigurationList = 2C6488B519CA0C720013DDB4 /* Build configuration list for PBXNativeTarget "CurioSDKTests" */;
			buildPhases = (
				2C64889B19CA0C720013DDB4 /* Sources */,
				2C64889C19CA0C720013DDB4 /* Frameworks */,
				2C64889D19CA0C720013DDB4 /* Resources */,
			);
			buildRules = (
			);
			dependencies = (
				2C6488A619CA0C720013DDB4 /* PBXTargetDependency */,
			);
			name = CurioSDKTests;
			productName = CurioSDKTests;
			productReference = 2C64889F19CA0C720013DDB4 /* CurioSDKTests.xctest */;
			productType = "com.apple.product-type.bundle.unit-test";
		};
/* End PBXNativeTarget section */

/* Begin PBXProject section */
		2C64888719CA0C720013DDB4 /* Project object */ = {
			isa = PBXProject;
			attributes = {
				LastUpgradeCheck = 0510;
				ORGANIZATIONNAME = Turkcell;
			};
			buildConfigurationList = 2C64888A19CA0C720013DDB4 /* Build configuration list for PBXProject "CurioSDK" */;
			compatibilityVersion = "Xcode 3.2";
			developmentRegion = English;
			hasScannedForEncodings = 0;
			knownRegions = (
				en,
			);
			mainGroup = 2C64888619CA0C720013DDB4;
			productRefGroup = 2C64889019CA0C720013DDB4 /* Products */;
			projectDirPath = "";
			projectRoot = "";
			targets = (
				2C64888E19CA0C720013DDB4 /* CurioSDK */,
				2C64889E19CA0C720013DDB4 /* CurioSDKTests */,
			);
		};
/* End PBXProject section */

/* Begin PBXResourcesBuildPhase section */
		2C64889D19CA0C720013DDB4 /* Resources */ = {
			isa = PBXResourcesBuildPhase;
			buildActionMask = 2147483647;
			files = (
				2CA46D3019CB0CBD0001D511 /* CurioSDKTests-Info.plist in Resources */,
				2C6488AD19CA0C720013DDB4 /* InfoPlist.strings in Resources */,
			);
			runOnlyForDeploymentPostprocessing = 0;
		};
/* End PBXResourcesBuildPhase section */

/* Begin PBXSourcesBuildPhase section */
		2C64888B19CA0C720013DDB4 /* Sources */ = {
			isa = PBXSourcesBuildPhase;
			buildActionMask = 2147483647;
			files = (
				2C655BB519CCA55F00CBC7CC /* CurioPostOffice.m in Sources */,
				2C6488BC19CAF1670013DDB4 /* CurioSettings.m in Sources */,
				2CA5254E1A1AA24B00BB61CF /* CurioNotificationManager.m in Sources */,
				2CA46D3319CB12640001D511 /* CurioDB.m in Sources */,
				2CE12DAA19CB42A300CDBA41 /* CurioUtil.m in Sources */,
				2CE12DB019CB68A600CDBA41 /* CurioDBToolkit.m in Sources */,
				2C655BB819CCBA2F00CBC7CC /* CurioActionToolkit.m in Sources */,
				2C120FF71A52F51800364C4C /* CurioNotification.m in Sources */,
				2CE12DAD19CB5D6600CDBA41 /* CurioAction.m in Sources */,
				2C655BAC19CC485500CBC7CC /* CurioNetwork.m in Sources */,
				2C64889A19CA0C720013DDB4 /* CurioSDK.m in Sources */,
				2C655BA919CC47F900CBC7CC /* ReachabilityEx.m in Sources */,
			);
			runOnlyForDeploymentPostprocessing = 0;
		};
		2C64889B19CA0C720013DDB4 /* Sources */ = {
			isa = PBXSourcesBuildPhase;
			buildActionMask = 2147483647;
			files = (
				2C6488BE19CAFB5C0013DDB4 /* CurioSettingsTests.m in Sources */,
				2CA5254F1A1AA24B00BB61CF /* CurioNotificationManager.m in Sources */,
				2C6488AF19CA0C720013DDB4 /* CurioSDKTests.m in Sources */,
				2CE12DB219CB6E8500CDBA41 /* CurioDBTests.m in Sources */,
			);
			runOnlyForDeploymentPostprocessing = 0;
		};
/* End PBXSourcesBuildPhase section */

/* Begin PBXTargetDependency section */
		2C6488A619CA0C720013DDB4 /* PBXTargetDependency */ = {
			isa = PBXTargetDependency;
			target = 2C64888E19CA0C720013DDB4 /* CurioSDK */;
			targetProxy = 2C6488A519CA0C720013DDB4 /* PBXContainerItemProxy */;
		};
/* End PBXTargetDependency section */

/* Begin PBXVariantGroup section */
		2C6488AB19CA0C720013DDB4 /* InfoPlist.strings */ = {
			isa = PBXVariantGroup;
			children = (
				2C6488AC19CA0C720013DDB4 /* en */,
			);
			name = InfoPlist.strings;
			sourceTree = "<group>";
		};
/* End PBXVariantGroup section */

/* Begin XCBuildConfiguration section */
		2C6488B019CA0C720013DDB4 /* Debug */ = {
			isa = XCBuildConfiguration;
			buildSettings = {
				ALWAYS_SEARCH_USER_PATHS = NO;
				CLANG_CXX_LANGUAGE_STANDARD = "gnu++0x";
				CLANG_CXX_LIBRARY = "libc++";
				CLANG_ENABLE_MODULES = YES;
				CLANG_ENABLE_OBJC_ARC = YES;
				CLANG_WARN_BOOL_CONVERSION = YES;
				CLANG_WARN_CONSTANT_CONVERSION = YES;
				CLANG_WARN_DIRECT_OBJC_ISA_USAGE = YES_ERROR;
				CLANG_WARN_EMPTY_BODY = YES;
				CLANG_WARN_ENUM_CONVERSION = YES;
				CLANG_WARN_INT_CONVERSION = YES;
				CLANG_WARN_OBJC_ROOT_CLASS = YES_ERROR;
				CLANG_WARN__DUPLICATE_METHOD_MATCH = YES;
				COPY_PHASE_STRIP = NO;
				GCC_C_LANGUAGE_STANDARD = gnu99;
				GCC_DYNAMIC_NO_PIC = NO;
				GCC_OPTIMIZATION_LEVEL = 0;
				GCC_PREPROCESSOR_DEFINITIONS = (
					"DEBUG=1",
					"$(inherited)",
				);
				GCC_SYMBOLS_PRIVATE_EXTERN = NO;
				GCC_WARN_64_TO_32_BIT_CONVERSION = YES;
				GCC_WARN_ABOUT_RETURN_TYPE = YES_ERROR;
				GCC_WARN_UNDECLARED_SELECTOR = YES;
				GCC_WARN_UNINITIALIZED_AUTOS = YES_AGGRESSIVE;
				GCC_WARN_UNUSED_FUNCTION = YES;
				GCC_WARN_UNUSED_VARIABLE = YES;
				IPHONEOS_DEPLOYMENT_TARGET = 6.0;
				ONLY_ACTIVE_ARCH = YES;
				SDKROOT = iphoneos;
			};
			name = Debug;
		};
		2C6488B119CA0C720013DDB4 /* Release */ = {
			isa = XCBuildConfiguration;
			buildSettings = {
				ALWAYS_SEARCH_USER_PATHS = NO;
				CLANG_CXX_LANGUAGE_STANDARD = "gnu++0x";
				CLANG_CXX_LIBRARY = "libc++";
				CLANG_ENABLE_MODULES = YES;
				CLANG_ENABLE_OBJC_ARC = YES;
				CLANG_WARN_BOOL_CONVERSION = YES;
				CLANG_WARN_CONSTANT_CONVERSION = YES;
				CLANG_WARN_DIRECT_OBJC_ISA_USAGE = YES_ERROR;
				CLANG_WARN_EMPTY_BODY = YES;
				CLANG_WARN_ENUM_CONVERSION = YES;
				CLANG_WARN_INT_CONVERSION = YES;
				CLANG_WARN_OBJC_ROOT_CLASS = YES_ERROR;
				CLANG_WARN__DUPLICATE_METHOD_MATCH = YES;
				COPY_PHASE_STRIP = YES;
				ENABLE_NS_ASSERTIONS = NO;
				GCC_C_LANGUAGE_STANDARD = gnu99;
				GCC_WARN_64_TO_32_BIT_CONVERSION = YES;
				GCC_WARN_ABOUT_RETURN_TYPE = YES_ERROR;
				GCC_WARN_UNDECLARED_SELECTOR = YES;
				GCC_WARN_UNINITIALIZED_AUTOS = YES_AGGRESSIVE;
				GCC_WARN_UNUSED_FUNCTION = YES;
				GCC_WARN_UNUSED_VARIABLE = YES;
				IPHONEOS_DEPLOYMENT_TARGET = 6.0;
				SDKROOT = iphoneos;
				VALIDATE_PRODUCT = YES;
			};
			name = Release;
		};
		2C6488B319CA0C720013DDB4 /* Debug */ = {
			isa = XCBuildConfiguration;
			buildSettings = {
				DSTROOT = /tmp/CurioSDK.dst;
				GCC_PRECOMPILE_PREFIX_HEADER = YES;
				GCC_PREFIX_HEADER = "CurioSDK/CurioSDK-Prefix.pch";
				OTHER_LDFLAGS = "-ObjC";
				PRODUCT_NAME = "$(TARGET_NAME)";
				SKIP_INSTALL = YES;
			};
			name = Debug;
		};
		2C6488B419CA0C720013DDB4 /* Release */ = {
			isa = XCBuildConfiguration;
			buildSettings = {
				DSTROOT = /tmp/CurioSDK.dst;
				GCC_PRECOMPILE_PREFIX_HEADER = YES;
				GCC_PREFIX_HEADER = "CurioSDK/CurioSDK-Prefix.pch";
				OTHER_LDFLAGS = "-ObjC";
				PRODUCT_NAME = "$(TARGET_NAME)";
				SKIP_INSTALL = YES;
			};
			name = Release;
		};
		2C6488B619CA0C720013DDB4 /* Debug */ = {
			isa = XCBuildConfiguration;
			buildSettings = {
				FRAMEWORK_SEARCH_PATHS = (
					"$(SDKROOT)/Developer/Library/Frameworks",
					"$(inherited)",
					"$(DEVELOPER_FRAMEWORKS_DIR)",
				);
				GCC_PRECOMPILE_PREFIX_HEADER = YES;
				GCC_PREFIX_HEADER = "CurioSDK/CurioSDK-Prefix.pch";
				GCC_PREPROCESSOR_DEFINITIONS = (
					"DEBUG=1",
					"$(inherited)",
				);
				INFOPLIST_FILE = "CurioSDKTests/CurioSDKTests-Info.plist";
				PRODUCT_NAME = "$(TARGET_NAME)";
				WRAPPER_EXTENSION = xctest;
			};
			name = Debug;
		};
		2C6488B719CA0C720013DDB4 /* Release */ = {
			isa = XCBuildConfiguration;
			buildSettings = {
				FRAMEWORK_SEARCH_PATHS = (
					"$(SDKROOT)/Developer/Library/Frameworks",
					"$(inherited)",
					"$(DEVELOPER_FRAMEWORKS_DIR)",
				);
				GCC_PRECOMPILE_PREFIX_HEADER = YES;
				GCC_PREFIX_HEADER = "CurioSDK/CurioSDK-Prefix.pch";
				INFOPLIST_FILE = "CurioSDKTests/CurioSDKTests-Info.plist";
				PRODUCT_NAME = "$(TARGET_NAME)";
				WRAPPER_EXTENSION = xctest;
			};
			name = Release;
		};
/* End XCBuildConfiguration section */

/* Begin XCConfigurationList section */
		2C64888A19CA0C720013DDB4 /* Build configuration list for PBXProject "CurioSDK" */ = {
			isa = XCConfigurationList;
			buildConfigurations = (
				2C6488B019CA0C720013DDB4 /* Debug */,
				2C6488B119CA0C720013DDB4 /* Release */,
			);
			defaultConfigurationIsVisible = 0;
			defaultConfigurationName = Release;
		};
		2C6488B219CA0C720013DDB4 /* Build configuration list for PBXNativeTarget "CurioSDK" */ = {
			isa = XCConfigurationList;
			buildConfigurations = (
				2C6488B319CA0C720013DDB4 /* Debug */,
				2C6488B419CA0C720013DDB4 /* Release */,
			);
			defaultConfigurationIsVisible = 0;
			defaultConfigurationName = Release;
		};
		2C6488B519CA0C720013DDB4 /* Build configuration list for PBXNativeTarget "CurioSDKTests" */ = {
			isa = XCConfigurationList;
			buildConfigurations = (
				2C6488B619CA0C720013DDB4 /* Debug */,
				2C6488B719CA0C720013DDB4 /* Release */,
			);
			defaultConfigurationIsVisible = 0;
			defaultConfigurationName = Release;
		};
/* End XCConfigurationList section */
	};
	rootObject = 2C64888719CA0C720013DDB4 /* Project object */;
}
